<?xml version="1.0" encoding="UTF-8" standalone="yes" ?>
<CodeBlocks_project_file>
	<FileVersion major="1" minor="6" />
	<Project>
		<Option title="epicDream" />
		<Option pch_mode="2" />
		<Option compiler="gcc" />
		<Build>
			<Target title="Debug">
				<Option output="bin/epicDream" prefix_auto="1" extension_auto="1" />
				<Option working_dir="bin" />
				<Option object_output="obj/Debug/" />
				<Option type="1" />
				<Option compiler="gcc" />
				<Compiler>
					<Add option="-g" />
					<Add directory="include" />
				</Compiler>
			</Target>
			<Target title="Release">
				<Option output="bin/epicDream" prefix_auto="1" extension_auto="1" />
				<Option working_dir="bin" />
				<Option object_output="lib/release" />
				<Option type="1" />
				<Option compiler="gcc" />
				<Compiler>
					<Add option="-fexpensive-optimizations" />
					<Add option="-O3" />
					<Add directory="include" />
				</Compiler>
				<Linker>
					<Add option="-s" />
				</Linker>
			</Target>
		</Build>
		<Compiler>
			<Add option="-Wall" />
			<Add option="-fexceptions" />
			<Add directory="D:/soft/CodeBlocks/SDK/Irrlicht/include" />
			<Add directory="D:/prog/c++/epicDream/ship" />
		</Compiler>
		<Linker>
			<Add library="Irrlicht" />
			<Add directory="D:/soft/CodeBlocks/SDK/Irrlicht/lib" />
		</Linker>
		<Unit filename="include/BasicNode.h" />
		<Unit filename="include/InputEventManager.h" />
		<Unit filename="include/Pilot.h" />
		<Unit filename="include/PlayerPilot.h" />
		<Unit filename="include/headers.h" />
		<Unit filename="include/ship.h" />
		<Unit filename="include/utils.h" />
		<Unit filename="main.cpp" />
		<Unit filename="src/BasicNode.cpp" />
		<Unit filename="src/InputEventManager.cpp" />
		<Unit filename="src/Pilot.cpp" />
		<Unit filename="src/PlayerPilot.cpp" />
		<Unit filename="src/ship.cpp" />
		<Unit filename="src/utils.cpp" />
		<Extensions>
			<code_completion />
			<envvars />
			<debugger />
			<lib_finder disable_auto="1" />
		</Extensions>
	</Project>
</CodeBlocks_project_file>
